
Microsoft Visual Studio Solution File, Format Version 12.00
# Visual Studio Version 16
VisualStudioVersion = 16.0.30114.105
MinimumVisualStudioVersion = 10.0.40219.1
Project("{9A19103F-16F7-4668-BE54-9A1E7A4F7556}") = "Jellyfin.Plugin.M3UEditor", "Jellyfin.Plugin.M3UEditor\Jellyfin.Plugin.M3UEditor.csproj", "{7A34E39C-6737-4728-B28B-353ABFE72E71}"
EndProject
Global
	GlobalSection(SolutionConfigurationPlatforms) = preSolution
		Debug|Any CPU = Debug|Any CPU
		Release|Any CPU = Release|Any CPU
	EndGlobalSection
	GlobalSection(ProjectConfigurationPlatforms) = postSolution
		{7A34E39C-6737-4728-B28B-353ABFE72E71}.Debug|Any CPU.ActiveCfg = Debug|Any CPU
		{7A34E39C-6737-4728-B28B-353ABFE72E71}.Debug|Any CPU.Build.0 = Debug|Any CPU
		{7A34E39C-6737-4728-B28B-353ABFE72E71}.Release|Any CPU.ActiveCfg = Release|Any CPU
		{7A34E39C-6737-4728-B28B-353ABFE72E71}.Release|Any CPU.Build.0 = Release|Any CPU
	EndGlobalSection
	GlobalSection(SolutionProperties) = preSolution
		HideSolutionNode = FALSE
	EndGlobalSection
	GlobalSection(ExtensibilityGlobals) = postSolution
		SolutionGuid = {40B4A3F7-2F15-4FD6-B76E-867A3DD51F6B}
	EndGlobalSection
EndGlobal
